
Microsoft Visual Studio Solution File, Format Version 12.00
# Visual Studio Version 17
VisualStudioVersion = 17.5.33627.172
MinimumVisualStudioVersion = 10.0.40219.1
Project("{FAE04EC0-301F-11D3-BF4B-00C04F79EFBC}") = "ConnectFour", "ConnectFour.csproj", "{ED57F142-4300-4C1D-9F8D-258131B1E194}"
EndProject
Global
	GlobalSection(SolutionConfigurationPlatforms) = preSolution
		Debug|Any CPU = Debug|Any CPU
		Release|Any CPU = Release|Any CPU
	EndGlobalSection
	GlobalSection(ProjectConfigurationPlatforms) = postSolution
		{ED57F142-4300-4C1D-9F8D-258131B1E194}.Debug|Any CPU.ActiveCfg = Debug|Any CPU
		{ED57F142-4300-4C1D-9F8D-258131B1E194}.Debug|Any CPU.Build.0 = Debug|Any CPU
		{ED57F142-4300-4C1D-9F8D-258131B1E194}.Release|Any CPU.ActiveCfg = Release|Any CPU
		{ED57F142-4300-4C1D-9F8D-258131B1E194}.Release|Any CPU.Build.0 = Release|Any CPU
	EndGlobalSection
	GlobalSection(SolutionProperties) = preSolution
		HideSolutionNode = FALSE
	EndGlobalSection
	GlobalSection(ExtensibilityGlobals) = postSolution
		SolutionGuid = {BDFD4538-D882-45DD-B100-4BBA00079C5E}
	EndGlobalSection
EndGlobal
